
Microsoft Visual Studio Solution File, Format Version 12.00
# Visual Studio Version 16
VisualStudioVersion = 16.0.33801.447
MinimumVisualStudioVersion = 10.0.40219.1
Project("{FAE04EC0-301F-11D3-BF4B-00C04F79EFBC}") = "WinFormsApp1", "WinFormsApp1\WinFormsApp1.csproj", "{FDD7FED0-37CA-45E6-BD4F-513174E9910C}"
EndProject
Global
	GlobalSection(SolutionConfigurationPlatforms) = preSolution
		Debug|Any CPU = Debug|Any CPU
		Release|Any CPU = Release|Any CPU
	EndGlobalSection
	GlobalSection(ProjectConfigurationPlatforms) = postSolution
		{FDD7FED0-37CA-45E6-BD4F-513174E9910C}.Debug|Any CPU.ActiveCfg = Debug|Any CPU
		{FDD7FED0-37CA-45E6-BD4F-513174E9910C}.Debug|Any CPU.Build.0 = Debug|Any CPU
		{FDD7FED0-37CA-45E6-BD4F-513174E9910C}.Release|Any CPU.ActiveCfg = Release|Any CPU
		{FDD7FED0-37CA-45E6-BD4F-513174E9910C}.Release|Any CPU.Build.0 = Release|Any CPU
	EndGlobalSection
	GlobalSection(SolutionProperties) = preSolution
		HideSolutionNode = FALSE
	EndGlobalSection
	GlobalSection(ExtensibilityGlobals) = postSolution
		SolutionGuid = {AE238F6E-FB4E-4FE1-99B4-7E4C36A9BD0B}
	EndGlobalSection
EndGlobal
